// !$*UTF8*$!
{
	archiveVersion = 1;
	classes = {
	};
	objectVersion = 56;
	objects = {

/* Begin PBXBuildFile section */
		D222BE882A8E31BA0028A361 /* FructusApp.swift in Sources */ = {isa = PBXBuildFile; fileRef = D222BE872A8E31BA0028A361 /* FructusApp.swift */; };
		D222BE8A2A8E31BA0028A361 /* ContentView.swift in Sources */ = {isa = PBXBuildFile; fileRef = D222BE892A8E31BA0028A361 /* ContentView.swift */; };
		D222BE8C2A8E31BA0028A361 /* Assets.xcassets in Resources */ = {isa = PBXBuildFile; fileRef = D222BE8B2A8E31BA0028A361 /* Assets.xcassets */; };
		D222BE8F2A8E31BA0028A361 /* Preview Assets.xcassets in Resources */ = {isa = PBXBuildFile; fileRef = D222BE8E2A8E31BA0028A361 /* Preview Assets.xcassets */; };
		D222BE982A8E37DC0028A361 /* FruitCardView.swift in Sources */ = {isa = PBXBuildFile; fileRef = D222BE972A8E37DC0028A361 /* FruitCardView.swift */; };
		D222BE9B2A8E3AED0028A361 /* Colors.swift in Sources */ = {isa = PBXBuildFile; fileRef = D222BE9A2A8E3AED0028A361 /* Colors.swift */; };
		D28975FC2A9D0A4C003169FC /* StartButtonView.swift in Sources */ = {isa = PBXBuildFile; fileRef = D28975FB2A9D0A4C003169FC /* StartButtonView.swift */; };
		D28975FE2A9D0D58003169FC /* OnboardingView.swift in Sources */ = {isa = PBXBuildFile; fileRef = D28975FD2A9D0D58003169FC /* OnboardingView.swift */; };
		D28976012A9D1432003169FC /* FruitModel.swift in Sources */ = {isa = PBXBuildFile; fileRef = D28976002A9D1432003169FC /* FruitModel.swift */; };
		D28976042A9D152E003169FC /* FruitData.swift in Sources */ = {isa = PBXBuildFile; fileRef = D28976032A9D152E003169FC /* FruitData.swift */; };
		D2B0AEE22A9FAB440034427A /* FruitRowView.swift in Sources */ = {isa = PBXBuildFile; fileRef = D2B0AEE12A9FAB440034427A /* FruitRowView.swift */; };
		D2B0AEE42A9FE9D70034427A /* FruitDetailView.swift in Sources */ = {isa = PBXBuildFile; fileRef = D2B0AEE32A9FE9D70034427A /* FruitDetailView.swift */; };
		D2B0AEE62A9FED7B0034427A /* FruitHeaderView.swift in Sources */ = {isa = PBXBuildFile; fileRef = D2B0AEE52A9FED7B0034427A /* FruitHeaderView.swift */; };
		D2B0AEE82A9FF00A0034427A /* SourceLinkView.swift in Sources */ = {isa = PBXBuildFile; fileRef = D2B0AEE72A9FF00A0034427A /* SourceLinkView.swift */; };
		D2D614EE2AA727F80059FA18 /* FruitNutrientsView.swift in Sources */ = {isa = PBXBuildFile; fileRef = D2D614ED2AA727F80059FA18 /* FruitNutrientsView.swift */; };
/* End PBXBuildFile section */

/* Begin PBXFileReference section */
		D222BE842A8E31BA0028A361 /* Fructus.app */ = {isa = PBXFileReference; explicitFileType = wrapper.application; includeInIndex = 0; path = Fructus.app; sourceTree = BUILT_PRODUCTS_DIR; };
		D222BE872A8E31BA0028A361 /* FructusApp.swift */ = {isa = PBXFileReference; lastKnownFileType = sourcecode.swift; path = FructusApp.swift; sourceTree = "<group>"; };
		D222BE892A8E31BA0028A361 /* ContentView.swift */ = {isa = PBXFileReference; lastKnownFileType = sourcecode.swift; path = ContentView.swift; sourceTree = "<group>"; };
		D222BE8B2A8E31BA0028A361 /* Assets.xcassets */ = {isa = PBXFileReference; lastKnownFileType = folder.assetcatalog; path = Assets.xcassets; sourceTree = "<group>"; };
		D222BE8E2A8E31BA0028A361 /* Preview Assets.xcassets */ = {isa = PBXFileReference; lastKnownFileType = folder.assetcatalog; path = "Preview Assets.xcassets"; sourceTree = "<group>"; };
		D222BE972A8E37DC0028A361 /* FruitCardView.swift */ = {isa = PBXFileReference; lastKnownFileType = sourcecode.swift; path = FruitCardView.swift; sourceTree = "<group>"; };
		D222BE9A2A8E3AED0028A361 /* Colors.swift */ = {isa = PBXFileReference; lastKnownFileType = sourcecode.swift; path = Colors.swift; sourceTree = "<group>"; };
		D28975FB2A9D0A4C003169FC /* StartButtonView.swift */ = {isa = PBXFileReference; lastKnownFileType = sourcecode.swift; path = StartButtonView.swift; sourceTree = "<group>"; };
		D28975FD2A9D0D58003169FC /* OnboardingView.swift */ = {isa = PBXFileReference; lastKnownFileType = sourcecode.swift; path = OnboardingView.swift; sourceTree = "<group>"; };
		D28976002A9D1432003169FC /* FruitModel.swift */ = {isa = PBXFileReference; lastKnownFileType = sourcecode.swift; path = FruitModel.swift; sourceTree = "<group>"; };
		D28976032A9D152E003169FC /* FruitData.swift */ = {isa = PBXFileReference; lastKnownFileType = sourcecode.swift; path = FruitData.swift; sourceTree = "<group>"; };
		D2B0AEE12A9FAB440034427A /* FruitRowView.swift */ = {isa = PBXFileReference; lastKnownFileType = sourcecode.swift; path = FruitRowView.swift; sourceTree = "<group>"; };
		D2B0AEE32A9FE9D70034427A /* FruitDetailView.swift */ = {isa = PBXFileReference; lastKnownFileType = sourcecode.swift; path = FruitDetailView.swift; sourceTree = "<group>"; };
		D2B0AEE52A9FED7B0034427A /* FruitHeaderView.swift */ = {isa = PBXFileReference; lastKnownFileType = sourcecode.swift; path = FruitHeaderView.swift; sourceTree = "<group>"; };
		D2B0AEE72A9FF00A0034427A /* SourceLinkView.swift */ = {isa = PBXFileReference; lastKnownFileType = sourcecode.swift; path = SourceLinkView.swift; sourceTree = "<group>"; };
		D2D614ED2AA727F80059FA18 /* FruitNutrientsView.swift */ = {isa = PBXFileReference; lastKnownFileType = sourcecode.swift; path = FruitNutrientsView.swift; sourceTree = "<group>"; };
/* End PBXFileReference section */

/* Begin PBXFrameworksBuildPhase section */
		D222BE812A8E31BA0028A361 /* Frameworks */ = {
			isa = PBXFrameworksBuildPhase;
			buildActionMask = 2147483647;
			files = (
			);
			runOnlyForDeploymentPostprocessing = 0;
		};
/* End PBXFrameworksBuildPhase section */

/* Begin PBXGroup section */
		D222BE7B2A8E31B90028A361 = {
			isa = PBXGroup;
			children = (
				D222BE862A8E31BA0028A361 /* Fructus */,
				D222BE852A8E31BA0028A361 /* Products */,
			);
			sourceTree = "<group>";
		};
		D222BE852A8E31BA0028A361 /* Products */ = {
			isa = PBXGroup;
			children = (
				D222BE842A8E31BA0028A361 /* Fructus.app */,
			);
			name = Products;
			sourceTree = "<group>";
		};
		D222BE862A8E31BA0028A361 /* Fructus */ = {
			isa = PBXGroup;
			children = (
				D28976022A9D1516003169FC /* Data */,
				D28975FF2A9D141D003169FC /* Model */,
				D222BE992A8E3ADD0028A361 /* Utility */,
				D222BE962A8E37AC0028A361 /* View */,
				D222BE952A8E37710028A361 /* App */,
				D222BE8B2A8E31BA0028A361 /* Assets.xcassets */,
				D222BE8D2A8E31BA0028A361 /* Preview Content */,
			);
			path = Fructus;
			sourceTree = "<group>";
		};
		D222BE8D2A8E31BA0028A361 /* Preview Content */ = {
			isa = PBXGroup;
			children = (
				D222BE8E2A8E31BA0028A361 /* Preview Assets.xcassets */,
			);
			path = "Preview Content";
			sourceTree = "<group>";
		};
		D222BE952A8E37710028A361 /* App */ = {
			isa = PBXGroup;
			children = (
				D222BE872A8E31BA0028A361 /* FructusApp.swift */,
				D222BE892A8E31BA0028A361 /* ContentView.swift */,
				D28975FD2A9D0D58003169FC /* OnboardingView.swift */,
				D2B0AEE32A9FE9D70034427A /* FruitDetailView.swift */,
			);
			path = App;
			sourceTree = "<group>";
		};
		D222BE962A8E37AC0028A361 /* View */ = {
			isa = PBXGroup;
			children = (
				D222BE972A8E37DC0028A361 /* FruitCardView.swift */,
				D28975FB2A9D0A4C003169FC /* StartButtonView.swift */,
				D2B0AEE12A9FAB440034427A /* FruitRowView.swift */,
				D2B0AEE52A9FED7B0034427A /* FruitHeaderView.swift */,
				D2B0AEE72A9FF00A0034427A /* SourceLinkView.swift */,
				D2D614ED2AA727F80059FA18 /* FruitNutrientsView.swift */,
			);
			path = View;
			sourceTree = "<group>";
		};
		D222BE992A8E3ADD0028A361 /* Utility */ = {
			isa = PBXGroup;
			children = (
				D222BE9A2A8E3AED0028A361 /* Colors.swift */,
			);
			path = Utility;
			sourceTree = "<group>";
		};
		D28975FF2A9D141D003169FC /* Model */ = {
			isa = PBXGroup;
			children = (
				D28976002A9D1432003169FC /* FruitModel.swift */,
			);
			path = Model;
			sourceTree = "<group>";
		};
		D28976022A9D1516003169FC /* Data */ = {
			isa = PBXGroup;
			children = (
				D28976032A9D152E003169FC /* FruitData.swift */,
			);
			path = Data;
			sourceTree = "<group>";
		};
/* End PBXGroup section */

/* Begin PBXNativeTarget section */
		D222BE832A8E31BA0028A361 /* Fructus */ = {
			isa = PBXNativeTarget;
			buildConfigurationList = D222BE922A8E31BA0028A361 /* Build configuration list for PBXNativeTarget "Fructus" */;
			buildPhases = (
				D222BE802A8E31BA0028A361 /* Sources */,
				D222BE812A8E31BA0028A361 /* Frameworks */,
				D222BE822A8E31BA0028A361 /* Resources */,
			);
			buildRules = (
			);
			dependencies = (
			);
			name = Fructus;
			productName = Fructus;
			productReference = D222BE842A8E31BA0028A361 /* Fructus.app */;
			productType = "com.apple.product-type.application";
		};
/* End PBXNativeTarget section */

/* Begin PBXProject section */
		D222BE7C2A8E31BA0028A361 /* Project object */ = {
			isa = PBXProject;
			attributes = {
				BuildIndependentTargetsInParallel = 1;
				LastSwiftUpdateCheck = 1430;
				LastUpgradeCheck = 1430;
				TargetAttributes = {
					D222BE832A8E31BA0028A361 = {
						CreatedOnToolsVersion = 14.3.1;
					};
				};
			};
			buildConfigurationList = D222BE7F2A8E31BA0028A361 /* Build configuration list for PBXProject "Fructus" */;
			compatibilityVersion = "Xcode 14.0";
			developmentRegion = en;
			hasScannedForEncodings = 0;
			knownRegions = (
				en,
				Base,
			);
			mainGroup = D222BE7B2A8E31B90028A361;
			productRefGroup = D222BE852A8E31BA0028A361 /* Products */;
			projectDirPath = "";
			projectRoot = "";
			targets = (
				D222BE832A8E31BA0028A361 /* Fructus */,
			);
		};
/* End PBXProject section */

/* Begin PBXResourcesBuildPhase section */
		D222BE822A8E31BA0028A361 /* Resources */ = {
			isa = PBXResourcesBuildPhase;
			buildActionMask = 2147483647;
			files = (
				D222BE8F2A8E31BA0028A361 /* Preview Assets.xcassets in Resources */,
				D222BE8C2A8E31BA0028A361 /* Assets.xcassets in Resources */,
			);
			runOnlyForDeploymentPostprocessing = 0;
		};
/* End PBXResourcesBuildPhase section */

/* Begin PBXSourcesBuildPhase section */
		D222BE802A8E31BA0028A361 /* Sources */ = {
			isa = PBXSourcesBuildPhase;
			buildActionMask = 2147483647;
			files = (
				D222BE982A8E37DC0028A361 /* FruitCardView.swift in Sources */,
				D28976012A9D1432003169FC /* FruitModel.swift in Sources */,
				D2B0AEE42A9FE9D70034427A /* FruitDetailView.swift in Sources */,
				D2D614EE2AA727F80059FA18 /* FruitNutrientsView.swift in Sources */,
				D2B0AEE22A9FAB440034427A /* FruitRowView.swift in Sources */,
				D222BE9B2A8E3AED0028A361 /* Colors.swift in Sources */,
				D222BE8A2A8E31BA0028A361 /* ContentView.swift in Sources */,
				D28975FE2A9D0D58003169FC /* OnboardingView.swift in Sources */,
				D2B0AEE62A9FED7B0034427A /* FruitHeaderView.swift in Sources */,
				D28975FC2A9D0A4C003169FC /* StartButtonView.swift in Sources */,
				D2B0AEE82A9FF00A0034427A /* SourceLinkView.swift in Sources */,
				D28976042A9D152E003169FC /* FruitData.swift in Sources */,
				D222BE882A8E31BA0028A361 /* FructusApp.swift in Sources */,
			);
			runOnlyForDeploymentPostprocessing = 0;
		};
/* End PBXSourcesBuildPhase section */

/* Begin XCBuildConfiguration section */
		D222BE902A8E31BA0028A361 /* Debug */ = {
			isa = XCBuildConfiguration;
			buildSettings = {
				ALWAYS_SEARCH_USER_PATHS = NO;
				CLANG_ANALYZER_NONNULL = YES;
				CLANG_ANALYZER_NUMBER_OBJECT_CONVERSION = YES_AGGRESSIVE;
				CLANG_CXX_LANGUAGE_STANDARD = "gnu++20";
				CLANG_ENABLE_MODULES = YES;
				CLANG_ENABLE_OBJC_ARC = YES;
				CLANG_ENABLE_OBJC_WEAK = YES;
				CLANG_WARN_BLOCK_CAPTURE_AUTORELEASING = YES;
				CLANG_WARN_BOOL_CONVERSION = YES;
				CLANG_WARN_COMMA = YES;
				CLANG_WARN_CONSTANT_CONVERSION = YES;
				CLANG_WARN_DEPRECATED_OBJC_IMPLEMENTATIONS = YES;
				CLANG_WARN_DIRECT_OBJC_ISA_USAGE = YES_ERROR;
				CLANG_WARN_DOCUMENTATION_COMMENTS = YES;
				CLANG_WARN_EMPTY_BODY = YES;
				CLANG_WARN_ENUM_CONVERSION = YES;
				CLANG_WARN_INFINITE_RECURSION = YES;
				CLANG_WARN_INT_CONVERSION = YES;
				CLANG_WARN_NON_LITERAL_NULL_CONVERSION = YES;
				CLANG_WARN_OBJC_IMPLICIT_RETAIN_SELF = YES;
				CLANG_WARN_OBJC_LITERAL_CONVERSION = YES;
				CLANG_WARN_OBJC_ROOT_CLASS = YES_ERROR;
				CLANG_WARN_QUOTED_INCLUDE_IN_FRAMEWORK_HEADER = YES;
				CLANG_WARN_RANGE_LOOP_ANALYSIS = YES;
				CLANG_WARN_STRICT_PROTOTYPES = YES;
				CLANG_WARN_SUSPICIOUS_MOVE = YES;
				CLANG_WARN_UNGUARDED_AVAILABILITY = YES_AGGRESSIVE;
				CLANG_WARN_UNREACHABLE_CODE = YES;
				CLANG_WARN__DUPLICATE_METHOD_MATCH = YES;
				COPY_PHASE_STRIP = NO;
				DEBUG_INFORMATION_FORMAT = dwarf;
				ENABLE_STRICT_OBJC_MSGSEND = YES;
				ENABLE_TESTABILITY = YES;
				GCC_C_LANGUAGE_STANDARD = gnu11;
				GCC_DYNAMIC_NO_PIC = NO;
				GCC_NO_COMMON_BLOCKS = YES;
				GCC_OPTIMIZATION_LEVEL = 0;
				GCC_PREPROCESSOR_DEFINITIONS = (
					"DEBUG=1",
					"$(inherited)",
				);
				GCC_WARN_64_TO_32_BIT_CONVERSION = YES;
				GCC_WARN_ABOUT_RETURN_TYPE = YES_ERROR;
				GCC_WARN_UNDECLARED_SELECTOR = YES;
				GCC_WARN_UNINITIALIZED_AUTOS = YES_AGGRESSIVE;
				GCC_WARN_UNUSED_FUNCTION = YES;
				GCC_WARN_UNUSED_VARIABLE = YES;
				IPHONEOS_DEPLOYMENT_TARGET = 16.4;
				MTL_ENABLE_DEBUG_INFO = INCLUDE_SOURCE;
				MTL_FAST_MATH = YES;
				ONLY_ACTIVE_ARCH = YES;
				SDKROOT = iphoneos;
				SWIFT_ACTIVE_COMPILATION_CONDITIONS = DEBUG;
				SWIFT_OPTIMIZATION_LEVEL = "-Onone";
			};
			name = Debug;
		};
		D222BE912A8E31BA0028A361 /* Release */ = {
			isa = XCBuildConfiguration;
			buildSettings = {
				ALWAYS_SEARCH_USER_PATHS = NO;
				CLANG_ANALYZER_NONNULL = YES;
				CLANG_ANALYZER_NUMBER_OBJECT_CONVERSION = YES_AGGRESSIVE;
				CLANG_CXX_LANGUAGE_STANDARD = "gnu++20";
				CLANG_ENABLE_MODULES = YES;
				CLANG_ENABLE_OBJC_ARC = YES;
				CLANG_ENABLE_OBJC_WEAK = YES;
				CLANG_WARN_BLOCK_CAPTURE_AUTORELEASING = YES;
				CLANG_WARN_BOOL_CONVERSION = YES;
				CLANG_WARN_COMMA = YES;
				CLANG_WARN_CONSTANT_CONVERSION = YES;
				CLANG_WARN_DEPRECATED_OBJC_IMPLEMENTATIONS = YES;
				CLANG_WARN_DIRECT_OBJC_ISA_USAGE = YES_ERROR;
				CLANG_WARN_DOCUMENTATION_COMMENTS = YES;
				CLANG_WARN_EMPTY_BODY = YES;
				CLANG_WARN_ENUM_CONVERSION = YES;
				CLANG_WARN_INFINITE_RECURSION = YES;
				CLANG_WARN_INT_CONVERSION = YES;
				CLANG_WARN_NON_LITERAL_NULL_CONVERSION = YES;
				CLANG_WARN_OBJC_IMPLICIT_RETAIN_SELF = YES;
				CLANG_WARN_OBJC_LITERAL_CONVERSION = YES;
				CLANG_WARN_OBJC_ROOT_CLASS = YES_ERROR;
				CLANG_WARN_QUOTED_INCLUDE_IN_FRAMEWORK_HEADER = YES;
				CLANG_WARN_RANGE_LOOP_ANALYSIS = YES;
				CLANG_WARN_STRICT_PROTOTYPES = YES;
				CLANG_WARN_SUSPICIOUS_MOVE = YES;
				CLANG_WARN_UNGUARDED_AVAILABILITY = YES_AGGRESSIVE;
				CLANG_WARN_UNREACHABLE_CODE = YES;
				CLANG_WARN__DUPLICATE_METHOD_MATCH = YES;
				COPY_PHASE_STRIP = NO;
				DEBUG_INFORMATION_FORMAT = "dwarf-with-dsym";
				ENABLE_NS_ASSERTIONS = NO;
				ENABLE_STRICT_OBJC_MSGSEND = YES;
				GCC_C_LANGUAGE_STANDARD = gnu11;
				GCC_NO_COMMON_BLOCKS = YES;
				GCC_WARN_64_TO_32_BIT_CONVERSION = YES;
				GCC_WARN_ABOUT_RETURN_TYPE = YES_ERROR;
				GCC_WARN_UNDECLARED_SELECTOR = YES;
				GCC_WARN_UNINITIALIZED_AUTOS = YES_AGGRESSIVE;
				GCC_WARN_UNUSED_FUNCTION = YES;
				GCC_WARN_UNUSED_VARIABLE = YES;
				IPHONEOS_DEPLOYMENT_TARGET = 16.4;
				MTL_ENABLE_DEBUG_INFO = NO;
				MTL_FAST_MATH = YES;
				SDKROOT = iphoneos;
				SWIFT_COMPILATION_MODE = wholemodule;
				SWIFT_OPTIMIZATION_LEVEL = "-O";
				VALIDATE_PRODUCT = YES;
			};
			name = Release;
		};
		D222BE932A8E31BA0028A361 /* Debug */ = {
			isa = XCBuildConfiguration;
			buildSettings = {
				ASSETCATALOG_COMPILER_APPICON_NAME = AppIcon;
				ASSETCATALOG_COMPILER_GLOBAL_ACCENT_COLOR_NAME = AccentColor;
				CODE_SIGN_STYLE = Automatic;
				CURRENT_PROJECT_VERSION = 1;
				DEVELOPMENT_ASSET_PATHS = "\"Fructus/Preview Content\"";
				DEVELOPMENT_TEAM = XJJ5JZ57H7;
				ENABLE_PREVIEWS = YES;
				GENERATE_INFOPLIST_FILE = YES;
				INFOPLIST_KEY_UIApplicationSceneManifest_Generation = YES;
				INFOPLIST_KEY_UIApplicationSupportsIndirectInputEvents = YES;
				INFOPLIST_KEY_UILaunchScreen_Generation = YES;
				INFOPLIST_KEY_UISupportedInterfaceOrientations = UIInterfaceOrientationPortrait;
				LD_RUNPATH_SEARCH_PATHS = (
					"$(inherited)",
					"@executable_path/Frameworks",
				);
				MARKETING_VERSION = 1.0;
				PRODUCT_BUNDLE_IDENTIFIER = com.swiftik.Fructus;
				PRODUCT_NAME = "$(TARGET_NAME)";
				SWIFT_EMIT_LOC_STRINGS = YES;
				SWIFT_VERSION = 5.0;
				TARGETED_DEVICE_FAMILY = "1,2";
			};
			name = Debug;
		};
		D222BE942A8E31BA0028A361 /* Release */ = {
			isa = XCBuildConfiguration;
			buildSettings = {
				ASSETCATALOG_COMPILER_APPICON_NAME = AppIcon;
				ASSETCATALOG_COMPILER_GLOBAL_ACCENT_COLOR_NAME = AccentColor;
				CODE_SIGN_STYLE = Automatic;
				CURRENT_PROJECT_VERSION = 1;
				DEVELOPMENT_ASSET_PATHS = "\"Fructus/Preview Content\"";
				DEVELOPMENT_TEAM = XJJ5JZ57H7;
				ENABLE_PREVIEWS = YES;
				GENERATE_INFOPLIST_FILE = YES;
				INFOPLIST_KEY_UIApplicationSceneManifest_Generation = YES;
				INFOPLIST_KEY_UIApplicationSupportsIndirectInputEvents = YES;
				INFOPLIST_KEY_UILaunchScreen_Generation = YES;
				INFOPLIST_KEY_UISupportedInterfaceOrientations = UIInterfaceOrientationPortrait;
				LD_RUNPATH_SEARCH_PATHS = (
					"$(inherited)",
					"@executable_path/Frameworks",
				);
				MARKETING_VERSION = 1.0;
				PRODUCT_BUNDLE_IDENTIFIER = com.swiftik.Fructus;
				PRODUCT_NAME = "$(TARGET_NAME)";
				SWIFT_EMIT_LOC_STRINGS = YES;
				SWIFT_VERSION = 5.0;
				TARGETED_DEVICE_FAMILY = "1,2";
			};
			name = Release;
		};
/* End XCBuildConfiguration section */

/* Begin XCConfigurationList section */
		D222BE7F2A8E31BA0028A361 /* Build configuration list for PBXProject "Fructus" */ = {
			isa = XCConfigurationList;
			buildConfigurations = (
				D222BE902A8E31BA0028A361 /* Debug */,
				D222BE912A8E31BA0028A361 /* Release */,
			);
			defaultConfigurationIsVisible = 0;
			defaultConfigurationName = Release;
		};
		D222BE922A8E31BA0028A361 /* Build configuration list for PBXNativeTarget "Fructus" */ = {
			isa = XCConfigurationList;
			buildConfigurations = (
				D222BE932A8E31BA0028A361 /* Debug */,
				D222BE942A8E31BA0028A361 /* Release */,
			);
			defaultConfigurationIsVisible = 0;
			defaultConfigurationName = Release;
		};
/* End XCConfigurationList section */
	};
	rootObject = D222BE7C2A8E31BA0028A361 /* Project object */;
}
